// !$*UTF8*$!
{
	archiveVersion = 1;
	classes = {
	};
	objectVersion = 46;
	objects = {

/* Begin PBXBuildFile section */
		1D70DA781ACD54D7000D0EE1 /* UnqliteKit.h in Headers */ = {isa = PBXBuildFile; fileRef = 1D70DA771ACD54D7000D0EE1 /* UnqliteKit.h */; settings = {ATTRIBUTES = (Public, ); }; };
		1D70DA7E1ACD54D7000D0EE1 /* UnqliteKit.framework in Frameworks */ = {isa = PBXBuildFile; fileRef = 1D70DA721ACD54D7000D0EE1 /* UnqliteKit.framework */; };
		1D70DA851ACD54D7000D0EE1 /* UnqliteKitTests.m in Sources */ = {isa = PBXBuildFile; fileRef = 1D70DA841ACD54D7000D0EE1 /* UnqliteKitTests.m */; };
		1D70DA931ACD5560000D0EE1 /* unqlite_config.h in Headers */ = {isa = PBXBuildFile; fileRef = 1D70DA921ACD5556000D0EE1 /* unqlite_config.h */; };
		1D70DA961ACD5812000D0EE1 /* UNQDatabase.h in Headers */ = {isa = PBXBuildFile; fileRef = 1D70DA941ACD5812000D0EE1 /* UNQDatabase.h */; };
		1D70DA971ACD5812000D0EE1 /* UNQDatabase.m in Sources */ = {isa = PBXBuildFile; fileRef = 1D70DA951ACD5812000D0EE1 /* UNQDatabase.m */; };
		1D70DA9A1ACE2521000D0EE1 /* unqlite.c in Sources */ = {isa = PBXBuildFile; fileRef = 1D70DA981ACE2521000D0EE1 /* unqlite.c */; };
		1D70DA9B1ACE2521000D0EE1 /* unqlite.h in Headers */ = {isa = PBXBuildFile; fileRef = 1D70DA991ACE2521000D0EE1 /* unqlite.h */; settings = {ATTRIBUTES = (Public, ); }; };
/* End PBXBuildFile section */

/* Begin PBXContainerItemProxy section */
		1D70DA7F1ACD54D7000D0EE1 /* PBXContainerItemProxy */ = {
			isa = PBXContainerItemProxy;
			containerPortal = 1D70DA691ACD54D7000D0EE1 /* Project object */;
			proxyType = 1;
			remoteGlobalIDString = 1D70DA711ACD54D7000D0EE1;
			remoteInfo = UnqliteKit;
		};
/* End PBXContainerItemProxy section */

/* Begin PBXFileReference section */
		1D70DA721ACD54D7000D0EE1 /* UnqliteKit.framework */ = {isa = PBXFileReference; explicitFileType = wrapper.framework; includeInIndex = 0; path = UnqliteKit.framework; sourceTree = BUILT_PRODUCTS_DIR; };
		1D70DA761ACD54D7000D0EE1 /* Info.plist */ = {isa = PBXFileReference; lastKnownFileType = text.plist.xml; path = Info.plist; sourceTree = "<group>"; };
		1D70DA771ACD54D7000D0EE1 /* UnqliteKit.h */ = {isa = PBXFileReference; lastKnownFileType = sourcecode.c.h; path = UnqliteKit.h; sourceTree = "<group>"; };
		1D70DA7D1ACD54D7000D0EE1 /* UnqliteKitTests.xctest */ = {isa = PBXFileReference; explicitFileType = wrapper.cfbundle; includeInIndex = 0; path = UnqliteKitTests.xctest; sourceTree = BUILT_PRODUCTS_DIR; };
		1D70DA831ACD54D7000D0EE1 /* Info.plist */ = {isa = PBXFileReference; lastKnownFileType = text.plist.xml; path = Info.plist; sourceTree = "<group>"; };
		1D70DA841ACD54D7000D0EE1 /* UnqliteKitTests.m */ = {isa = PBXFileReference; lastKnownFileType = sourcecode.c.objc; path = UnqliteKitTests.m; sourceTree = "<group>"; };
		1D70DA921ACD5556000D0EE1 /* unqlite_config.h */ = {isa = PBXFileReference; lastKnownFileType = sourcecode.c.h; path = unqlite_config.h; sourceTree = "<group>"; };
		1D70DA941ACD5812000D0EE1 /* UNQDatabase.h */ = {isa = PBXFileReference; fileEncoding = 4; lastKnownFileType = sourcecode.c.h; path = UNQDatabase.h; sourceTree = "<group>"; };
		1D70DA951ACD5812000D0EE1 /* UNQDatabase.m */ = {isa = PBXFileReference; fileEncoding = 4; lastKnownFileType = sourcecode.c.objc; path = UNQDatabase.m; sourceTree = "<group>"; };
		1D70DA981ACE2521000D0EE1 /* unqlite.c */ = {isa = PBXFileReference; fileEncoding = 4; lastKnownFileType = sourcecode.c.c; path = unqlite.c; sourceTree = "<group>"; };
		1D70DA991ACE2521000D0EE1 /* unqlite.h */ = {isa = PBXFileReference; fileEncoding = 4; lastKnownFileType = sourcecode.c.h; path = unqlite.h; sourceTree = "<group>"; };
/* End PBXFileReference section */

/* Begin PBXFrameworksBuildPhase section */
		1D70DA6E1ACD54D7000D0EE1 /* Frameworks */ = {
			isa = PBXFrameworksBuildPhase;
			buildActionMask = 2147483647;
			files = (
			);
			runOnlyForDeploymentPostprocessing = 0;
		};
		1D70DA7A1ACD54D7000D0EE1 /* Frameworks */ = {
			isa = PBXFrameworksBuildPhase;
			buildActionMask = 2147483647;
			files = (
				1D70DA7E1ACD54D7000D0EE1 /* UnqliteKit.framework in Frameworks */,
			);
			runOnlyForDeploymentPostprocessing = 0;
		};
/* End PBXFrameworksBuildPhase section */

/* Begin PBXGroup section */
		1D70DA681ACD54D7000D0EE1 = {
			isa = PBXGroup;
			children = (
				1D70DA741ACD54D7000D0EE1 /* UnqliteKit */,
				1D70DA811ACD54D7000D0EE1 /* UnqliteKitTests */,
				1D70DA731ACD54D7000D0EE1 /* Products */,
			);
			sourceTree = "<group>";
		};
		1D70DA731ACD54D7000D0EE1 /* Products */ = {
			isa = PBXGroup;
			children = (
				1D70DA721ACD54D7000D0EE1 /* UnqliteKit.framework */,
				1D70DA7D1ACD54D7000D0EE1 /* UnqliteKitTests.xctest */,
			);
			name = Products;
			sourceTree = "<group>";
		};
		1D70DA741ACD54D7000D0EE1 /* UnqliteKit */ = {
			isa = PBXGroup;
			children = (
				1D70DA771ACD54D7000D0EE1 /* UnqliteKit.h */,
				1D70DA921ACD5556000D0EE1 /* unqlite_config.h */,
				1D70DA991ACE2521000D0EE1 /* unqlite.h */,
				1D70DA981ACE2521000D0EE1 /* unqlite.c */,
				1D70DA941ACD5812000D0EE1 /* UNQDatabase.h */,
				1D70DA951ACD5812000D0EE1 /* UNQDatabase.m */,
				1D70DA751ACD54D7000D0EE1 /* Supporting Files */,
			);
			path = UnqliteKit;
			sourceTree = "<group>";
		};
		1D70DA751ACD54D7000D0EE1 /* Supporting Files */ = {
			isa = PBXGroup;
			children = (
				1D70DA761ACD54D7000D0EE1 /* Info.plist */,
			);
			name = "Supporting Files";
			sourceTree = "<group>";
		};
		1D70DA811ACD54D7000D0EE1 /* UnqliteKitTests */ = {
			isa = PBXGroup;
			children = (
				1D70DA841ACD54D7000D0EE1 /* UnqliteKitTests.m */,
				1D70DA821ACD54D7000D0EE1 /* Supporting Files */,
			);
			path = UnqliteKitTests;
			sourceTree = "<group>";
		};
		1D70DA821ACD54D7000D0EE1 /* Supporting Files */ = {
			isa = PBXGroup;
			children = (
				1D70DA831ACD54D7000D0EE1 /* Info.plist */,
			);
			name = "Supporting Files";
			sourceTree = "<group>";
		};
/* End PBXGroup section */

/* Begin PBXHeadersBuildPhase section */
		1D70DA6F1ACD54D7000D0EE1 /* Headers */ = {
			isa = PBXHeadersBuildPhase;
			buildActionMask = 2147483647;
			files = (
				1D70DA961ACD5812000D0EE1 /* UNQDatabase.h in Headers */,
				1D70DA9B1ACE2521000D0EE1 /* unqlite.h in Headers */,
				1D70DA781ACD54D7000D0EE1 /* UnqliteKit.h in Headers */,
				1D70DA931ACD5560000D0EE1 /* unqlite_config.h in Headers */,
			);
			runOnlyForDeploymentPostprocessing = 0;
		};
/* End PBXHeadersBuildPhase section */

/* Begin PBXNativeTarget section */
		1D70DA711ACD54D7000D0EE1 /* UnqliteKit */ = {
			isa = PBXNativeTarget;
			buildConfigurationList = 1D70DA881ACD54D7000D0EE1 /* Build configuration list for PBXNativeTarget "UnqliteKit" */;
			buildPhases = (
				1D70DA6D1ACD54D7000D0EE1 /* Sources */,
				1D70DA6E1ACD54D7000D0EE1 /* Frameworks */,
				1D70DA6F1ACD54D7000D0EE1 /* Headers */,
				1D70DA701ACD54D7000D0EE1 /* Resources */,
			);
			buildRules = (
			);
			dependencies = (
			);
			name = UnqliteKit;
			productName = UnqliteKit;
			productReference = 1D70DA721ACD54D7000D0EE1 /* UnqliteKit.framework */;
			productType = "com.apple.product-type.framework";
		};
		1D70DA7C1ACD54D7000D0EE1 /* UnqliteKitTests */ = {
			isa = PBXNativeTarget;
			buildConfigurationList = 1D70DA8B1ACD54D7000D0EE1 /* Build configuration list for PBXNativeTarget "UnqliteKitTests" */;
			buildPhases = (
				1D70DA791ACD54D7000D0EE1 /* Sources */,
				1D70DA7A1ACD54D7000D0EE1 /* Frameworks */,
				1D70DA7B1ACD54D7000D0EE1 /* Resources */,
			);
			buildRules = (
			);
			dependencies = (
				1D70DA801ACD54D7000D0EE1 /* PBXTargetDependency */,
			);
			name = UnqliteKitTests;
			productName = UnqliteKitTests;
			productReference = 1D70DA7D1ACD54D7000D0EE1 /* UnqliteKitTests.xctest */;
			productType = "com.apple.product-type.bundle.unit-test";
		};
/* End PBXNativeTarget section */

/* Begin PBXProject section */
		1D70DA691ACD54D7000D0EE1 /* Project object */ = {
			isa = PBXProject;
			attributes = {
				CLASSPREFIX = UNQ;
				LastUpgradeCheck = 0630;
				ORGANIZATIONNAME = DreamCity;
				TargetAttributes = {
					1D70DA711ACD54D7000D0EE1 = {
						CreatedOnToolsVersion = 6.3;
					};
					1D70DA7C1ACD54D7000D0EE1 = {
						CreatedOnToolsVersion = 6.3;
					};
				};
			};
			buildConfigurationList = 1D70DA6C1ACD54D7000D0EE1 /* Build configuration list for PBXProject "UnqliteKit" */;
			compatibilityVersion = "Xcode 3.2";
			developmentRegion = English;
			hasScannedForEncodings = 0;
			knownRegions = (
				en,
			);
			mainGroup = 1D70DA681ACD54D7000D0EE1;
			productRefGroup = 1D70DA731ACD54D7000D0EE1 /* Products */;
			projectDirPath = "";
			projectRoot = "";
			targets = (
				1D70DA711ACD54D7000D0EE1 /* UnqliteKit */,
				1D70DA7C1ACD54D7000D0EE1 /* UnqliteKitTests */,
			);
		};
/* End PBXProject section */

/* Begin PBXResourcesBuildPhase section */
		1D70DA701ACD54D7000D0EE1 /* Resources */ = {
			isa = PBXResourcesBuildPhase;
			buildActionMask = 2147483647;
			files = (
			);
			runOnlyForDeploymentPostprocessing = 0;
		};
		1D70DA7B1ACD54D7000D0EE1 /* Resources */ = {
			isa = PBXResourcesBuildPhase;
			buildActionMask = 2147483647;
			files = (
			);
			runOnlyForDeploymentPostprocessing = 0;
		};
/* End PBXResourcesBuildPhase section */

/* Begin PBXSourcesBuildPhase section */
		1D70DA6D1ACD54D7000D0EE1 /* Sources */ = {
			isa = PBXSourcesBuildPhase;
			buildActionMask = 2147483647;
			files = (
				1D70DA9A1ACE2521000D0EE1 /* unqlite.c in Sources */,
				1D70DA971ACD5812000D0EE1 /* UNQDatabase.m in Sources */,
			);
			runOnlyForDeploymentPostprocessing = 0;
		};
		1D70DA791ACD54D7000D0EE1 /* Sources */ = {
			isa = PBXSourcesBuildPhase;
			buildActionMask = 2147483647;
			files = (
				1D70DA851ACD54D7000D0EE1 /* UnqliteKitTests.m in Sources */,
			);
			runOnlyForDeploymentPostprocessing = 0;
		};
/* End PBXSourcesBuildPhase section */

/* Begin PBXTargetDependency section */
		1D70DA801ACD54D7000D0EE1 /* PBXTargetDependency */ = {
			isa = PBXTargetDependency;
			target = 1D70DA711ACD54D7000D0EE1 /* UnqliteKit */;
			targetProxy = 1D70DA7F1ACD54D7000D0EE1 /* PBXContainerItemProxy */;
		};
/* End PBXTargetDependency section */

/* Begin XCBuildConfiguration section */
		1D70DA861ACD54D7000D0EE1 /* Debug */ = {
			isa = XCBuildConfiguration;
			buildSettings = {
				ALWAYS_SEARCH_USER_PATHS = NO;
				CLANG_CXX_LANGUAGE_STANDARD = "gnu++0x";
				CLANG_CXX_LIBRARY = "libc++";
				CLANG_ENABLE_MODULES = YES;
				CLANG_ENABLE_OBJC_ARC = YES;
				CLANG_WARN_BOOL_CONVERSION = YES;
				CLANG_WARN_CONSTANT_CONVERSION = YES;
				CLANG_WARN_DIRECT_OBJC_ISA_USAGE = YES_ERROR;
				CLANG_WARN_EMPTY_BODY = YES;
				CLANG_WARN_ENUM_CONVERSION = YES;
				CLANG_WARN_INT_CONVERSION = YES;
				CLANG_WARN_OBJC_ROOT_CLASS = YES_ERROR;
				CLANG_WARN_UNREACHABLE_CODE = YES;
				CLANG_WARN__DUPLICATE_METHOD_MATCH = YES;
				"CODE_SIGN_IDENTITY[sdk=iphoneos*]" = "iPhone Developer";
				COPY_PHASE_STRIP = NO;
				CURRENT_PROJECT_VERSION = 1;
				DEBUG_INFORMATION_FORMAT = "dwarf-with-dsym";
				ENABLE_STRICT_OBJC_MSGSEND = YES;
				GCC_C_LANGUAGE_STANDARD = gnu99;
				GCC_DYNAMIC_NO_PIC = NO;
				GCC_NO_COMMON_BLOCKS = YES;
				GCC_OPTIMIZATION_LEVEL = 0;
				GCC_PREPROCESSOR_DEFINITIONS = (
					"DEBUG=1",
					"$(inherited)",
				);
				GCC_SYMBOLS_PRIVATE_EXTERN = NO;
				GCC_WARN_64_TO_32_BIT_CONVERSION = YES;
				GCC_WARN_ABOUT_RETURN_TYPE = YES_ERROR;
				GCC_WARN_UNDECLARED_SELECTOR = YES;
				GCC_WARN_UNINITIALIZED_AUTOS = YES_AGGRESSIVE;
				GCC_WARN_UNUSED_FUNCTION = YES;
				GCC_WARN_UNUSED_VARIABLE = YES;
				IPHONEOS_DEPLOYMENT_TARGET = 8.0;
				MTL_ENABLE_DEBUG_INFO = YES;
				ONLY_ACTIVE_ARCH = YES;
				SDKROOT = iphoneos;
				TARGETED_DEVICE_FAMILY = "1,2";
				VERSIONING_SYSTEM = "apple-generic";
				VERSION_INFO_PREFIX = "";
			};
			name = Debug;
		};
		1D70DA871ACD54D7000D0EE1 /* Release */ = {
			isa = XCBuildConfiguration;
			buildSettings = {
				ALWAYS_SEARCH_USER_PATHS = NO;
				CLANG_CXX_LANGUAGE_STANDARD = "gnu++0x";
				CLANG_CXX_LIBRARY = "libc++";
				CLANG_ENABLE_MODULES = YES;
				CLANG_ENABLE_OBJC_ARC = YES;
				CLANG_WARN_BOOL_CONVERSION = YES;
				CLANG_WARN_CONSTANT_CONVERSION = YES;
				CLANG_WARN_DIRECT_OBJC_ISA_USAGE = YES_ERROR;
				CLANG_WARN_EMPTY_BODY = YES;
				CLANG_WARN_ENUM_CONVERSION = YES;
				CLANG_WARN_INT_CONVERSION = YES;
				CLANG_WARN_OBJC_ROOT_CLASS = YES_ERROR;
				CLANG_WARN_UNREACHABLE_CODE = YES;
				CLANG_WARN__DUPLICATE_METHOD_MATCH = YES;
				"CODE_SIGN_IDENTITY[sdk=iphoneos*]" = "iPhone Developer";
				COPY_PHASE_STRIP = NO;
				CURRENT_PROJECT_VERSION = 1;
				DEBUG_INFORMATION_FORMAT = "dwarf-with-dsym";
				ENABLE_NS_ASSERTIONS = NO;
				ENABLE_STRICT_OBJC_MSGSEND = YES;
				GCC_C_LANGUAGE_STANDARD = gnu99;
				GCC_NO_COMMON_BLOCKS = YES;
				GCC_WARN_64_TO_32_BIT_CONVERSION = YES;
				GCC_WARN_ABOUT_RETURN_TYPE = YES_ERROR;
				GCC_WARN_UNDECLARED_SELECTOR = YES;
				GCC_WARN_UNINITIALIZED_AUTOS = YES_AGGRESSIVE;
				GCC_WARN_UNUSED_FUNCTION = YES;
				GCC_WARN_UNUSED_VARIABLE = YES;
				IPHONEOS_DEPLOYMENT_TARGET = 8.0;
				MTL_ENABLE_DEBUG_INFO = NO;
				SDKROOT = iphoneos;
				TARGETED_DEVICE_FAMILY = "1,2";
				VALIDATE_PRODUCT = YES;
				VERSIONING_SYSTEM = "apple-generic";
				VERSION_INFO_PREFIX = "";
			};
			name = Release;
		};
		1D70DA891ACD54D7000D0EE1 /* Debug */ = {
			isa = XCBuildConfiguration;
			buildSettings = {
				DEFINES_MODULE = YES;
				DYLIB_COMPATIBILITY_VERSION = 1;
				DYLIB_CURRENT_VERSION = 1;
				DYLIB_INSTALL_NAME_BASE = "@rpath";
				INFOPLIST_FILE = UnqliteKit/Info.plist;
				INSTALL_PATH = "$(LOCAL_LIBRARY_DIR)/Frameworks";
				LD_RUNPATH_SEARCH_PATHS = "$(inherited) @executable_path/Frameworks @loader_path/Frameworks";
				PRODUCT_NAME = "$(TARGET_NAME)";
				SKIP_INSTALL = YES;
			};
			name = Debug;
		};
		1D70DA8A1ACD54D7000D0EE1 /* Release */ = {
			isa = XCBuildConfiguration;
			buildSettings = {
				DEFINES_MODULE = YES;
				DYLIB_COMPATIBILITY_VERSION = 1;
				DYLIB_CURRENT_VERSION = 1;
				DYLIB_INSTALL_NAME_BASE = "@rpath";
				INFOPLIST_FILE = UnqliteKit/Info.plist;
				INSTALL_PATH = "$(LOCAL_LIBRARY_DIR)/Frameworks";
				LD_RUNPATH_SEARCH_PATHS = "$(inherited) @executable_path/Frameworks @loader_path/Frameworks";
				PRODUCT_NAME = "$(TARGET_NAME)";
				SKIP_INSTALL = YES;
			};
			name = Release;
		};
		1D70DA8C1ACD54D7000D0EE1 /* Debug */ = {
			isa = XCBuildConfiguration;
			buildSettings = {
				FRAMEWORK_SEARCH_PATHS = (
					"$(SDKROOT)/Developer/Library/Frameworks",
					"$(inherited)",
				);
				GCC_PREPROCESSOR_DEFINITIONS = (
					"DEBUG=1",
					"$(inherited)",
				);
				INFOPLIST_FILE = UnqliteKitTests/Info.plist;
				LD_RUNPATH_SEARCH_PATHS = "$(inherited) @executable_path/Frameworks @loader_path/Frameworks";
				PRODUCT_NAME = "$(TARGET_NAME)";
			};
			name = Debug;
		};
		1D70DA8D1ACD54D7000D0EE1 /* Release */ = {
			isa = XCBuildConfiguration;
			buildSettings = {
				FRAMEWORK_SEARCH_PATHS = (
					"$(SDKROOT)/Developer/Library/Frameworks",
					"$(inherited)",
				);
				INFOPLIST_FILE = UnqliteKitTests/Info.plist;
				LD_RUNPATH_SEARCH_PATHS = "$(inherited) @executable_path/Frameworks @loader_path/Frameworks";
				PRODUCT_NAME = "$(TARGET_NAME)";
			};
			name = Release;
		};
/* End XCBuildConfiguration section */

/* Begin XCConfigurationList section */
		1D70DA6C1ACD54D7000D0EE1 /* Build configuration list for PBXProject "UnqliteKit" */ = {
			isa = XCConfigurationList;
			buildConfigurations = (
				1D70DA861ACD54D7000D0EE1 /* Debug */,
				1D70DA871ACD54D7000D0EE1 /* Release */,
			);
			defaultConfigurationIsVisible = 0;
			defaultConfigurationName = Release;
		};
		1D70DA881ACD54D7000D0EE1 /* Build configuration list for PBXNativeTarget "UnqliteKit" */ = {
			isa = XCConfigurationList;
			buildConfigurations = (
				1D70DA891ACD54D7000D0EE1 /* Debug */,
				1D70DA8A1ACD54D7000D0EE1 /* Release */,
			);
			defaultConfigurationIsVisible = 0;
		};
		1D70DA8B1ACD54D7000D0EE1 /* Build configuration list for PBXNativeTarget "UnqliteKitTests" */ = {
			isa = XCConfigurationList;
			buildConfigurations = (
				1D70DA8C1ACD54D7000D0EE1 /* Debug */,
				1D70DA8D1ACD54D7000D0EE1 /* Release */,
			);
			defaultConfigurationIsVisible = 0;
		};
/* End XCConfigurationList section */
	};
	rootObject = 1D70DA691ACD54D7000D0EE1 /* Project object */;
}
